
Microsoft Visual Studio Solution File, Format Version 12.00
# Visual Studio Version 18
VisualStudioVersion = 18.4.11612.150 stable
MinimumVisualStudioVersion = 10.0.40219.1
Project("{FAE04EC0-301F-11D3-BF4B-00C04F79EFBC}") = "BrightStepsAcademy", "BrightStepsAcademy.csproj", "{0E4AA167-545C-3D94-7859-442617AE3CE1}"
EndProject
Global
	GlobalSection(SolutionConfigurationPlatforms) = preSolution
		Debug|Any CPU = Debug|Any CPU
		Release|Any CPU = Release|Any CPU
	EndGlobalSection
	GlobalSection(ProjectConfigurationPlatforms) = postSolution
		{0E4AA167-545C-3D94-7859-442617AE3CE1}.Debug|Any CPU.ActiveCfg = Debug|Any CPU
		{0E4AA167-545C-3D94-7859-442617AE3CE1}.Debug|Any CPU.Build.0 = Debug|Any CPU
		{0E4AA167-545C-3D94-7859-442617AE3CE1}.Release|Any CPU.ActiveCfg = Release|Any CPU
		{0E4AA167-545C-3D94-7859-442617AE3CE1}.Release|Any CPU.Build.0 = Release|Any CPU
	EndGlobalSection
	GlobalSection(SolutionProperties) = preSolution
		HideSolutionNode = FALSE
	EndGlobalSection
	GlobalSection(ExtensibilityGlobals) = postSolution
		SolutionGuid = {2CAC47EF-7DFC-4513-8393-8920AD531AE1}
	EndGlobalSection
EndGlobal
